
Microsoft Visual Studio Solution File, Format Version 12.00
# Visual Studio 15
VisualStudioVersion = 15.0.27130.2027
MinimumVisualStudioVersion = 10.0.40219.1
Project("{FAE04EC0-301F-11D3-BF4B-00C04F79EFBC}") = "Codility_Free_Trial_Tasks", "UnitTestProject1\Codility_Free_Trial_Tasks.csproj", "{46D4C5ED-28F0-4055-BD6F-D7E08A05AB99}"
EndProject
Global
	GlobalSection(SolutionConfigurationPlatforms) = preSolution
		Debug|Any CPU = Debug|Any CPU
		Release|Any CPU = Release|Any CPU
	EndGlobalSection
	GlobalSection(ProjectConfigurationPlatforms) = postSolution
		{46D4C5ED-28F0-4055-BD6F-D7E08A05AB99}.Debug|Any CPU.ActiveCfg = Debug|Any CPU
		{46D4C5ED-28F0-4055-BD6F-D7E08A05AB99}.Debug|Any CPU.Build.0 = Debug|Any CPU
		{46D4C5ED-28F0-4055-BD6F-D7E08A05AB99}.Release|Any CPU.ActiveCfg = Release|Any CPU
		{46D4C5ED-28F0-4055-BD6F-D7E08A05AB99}.Release|Any CPU.Build.0 = Release|Any CPU
	EndGlobalSection
	GlobalSection(SolutionProperties) = preSolution
		HideSolutionNode = FALSE
	EndGlobalSection
	GlobalSection(ExtensibilityGlobals) = postSolution
		SolutionGuid = {47BE58F7-12D9-4408-9A8F-169CEB66E013}
	EndGlobalSection
EndGlobal
